
Microsoft Visual Studio Solution File, Format Version 12.00
# Visual Studio Version 17
VisualStudioVersion = 17.14.36301.6 d17.14
MinimumVisualStudioVersion = 10.0.40219.1
Project("{FAE04EC0-301F-11D3-BF4B-00C04F79EFBC}") = "LatihanMethod1", "LatihanMethod1\LatihanMethod1.csproj", "{38F549F1-45FD-46DE-94A3-3AA9901DCE68}"
EndProject
Global
	GlobalSection(SolutionConfigurationPlatforms) = preSolution
		Debug|Any CPU = Debug|Any CPU
		Release|Any CPU = Release|Any CPU
	EndGlobalSection
	GlobalSection(ProjectConfigurationPlatforms) = postSolution
		{38F549F1-45FD-46DE-94A3-3AA9901DCE68}.Debug|Any CPU.ActiveCfg = Debug|Any CPU
		{38F549F1-45FD-46DE-94A3-3AA9901DCE68}.Debug|Any CPU.Build.0 = Debug|Any CPU
		{38F549F1-45FD-46DE-94A3-3AA9901DCE68}.Release|Any CPU.ActiveCfg = Release|Any CPU
		{38F549F1-45FD-46DE-94A3-3AA9901DCE68}.Release|Any CPU.Build.0 = Release|Any CPU
	EndGlobalSection
	GlobalSection(SolutionProperties) = preSolution
		HideSolutionNode = FALSE
	EndGlobalSection
	GlobalSection(ExtensibilityGlobals) = postSolution
		SolutionGuid = {1458483E-6B77-4DE7-9EF5-BF472CAECA4E}
	EndGlobalSection
EndGlobal
